git https://github.com/hexops/mach-glfw.git dae779de57593bcc689f55af17ae95eb0513b918 src/main.zig dae779de57593bcc689f55af17ae95eb0513b918
git https://github.com/ziglibs/zgl.git ebc646aaf96ef87056c2478a465af587d3bd9793 zgl.zig ebc646aaf96ef87056c2478a465af587d3bd9793
git https://github.com/hexops/mach-glfw.git dae779de57593bcc689f55af17ae95eb0513b918 build.zig dae779de57593bcc689f55af17ae95eb0513b918
